
Microsoft Visual Studio Solution File, Format Version 12.00
# Visual Studio 15
VisualStudioVersion = 15.0.26730.8
MinimumVisualStudioVersion = 10.0.40219.1
Project("{8BC9CEB8-8B4A-11D0-8D11-00A0C91BC942}") = "Project10", "Project10\Project10.vcxproj", "{BB98DA2C-8DEA-4E96-9B02-10DB582C0C4B}"
EndProject
Global
	GlobalSection(SolutionConfigurationPlatforms) = preSolution
		Debug|x64 = Debug|x64
		Debug|x86 = Debug|x86
		Release|x64 = Release|x64
		Release|x86 = Release|x86
	EndGlobalSection
	GlobalSection(ProjectConfigurationPlatforms) = postSolution
		{BB98DA2C-8DEA-4E96-9B02-10DB582C0C4B}.Debug|x64.ActiveCfg = Debug|x64
		{BB98DA2C-8DEA-4E96-9B02-10DB582C0C4B}.Debug|x64.Build.0 = Debug|x64
		{BB98DA2C-8DEA-4E96-9B02-10DB582C0C4B}.Debug|x86.ActiveCfg = Debug|Win32
		{BB98DA2C-8DEA-4E96-9B02-10DB582C0C4B}.Debug|x86.Build.0 = Debug|Win32
		{BB98DA2C-8DEA-4E96-9B02-10DB582C0C4B}.Release|x64.ActiveCfg = Release|x64
		{BB98DA2C-8DEA-4E96-9B02-10DB582C0C4B}.Release|x64.Build.0 = Release|x64
		{BB98DA2C-8DEA-4E96-9B02-10DB582C0C4B}.Release|x86.ActiveCfg = Release|Win32
		{BB98DA2C-8DEA-4E96-9B02-10DB582C0C4B}.Release|x86.Build.0 = Release|Win32
	EndGlobalSection
	GlobalSection(SolutionProperties) = preSolution
		HideSolutionNode = FALSE
	EndGlobalSection
	GlobalSection(ExtensibilityGlobals) = postSolution
		SolutionGuid = {4EAA55D9-4B31-41EB-87BF-BB16F0E85124}
	EndGlobalSection
EndGlobal
